
Microsoft Visual Studio Solution File, Format Version 12.00
# Visual Studio Version 16
VisualStudioVersion = 16.0.29613.14
MinimumVisualStudioVersion = 10.0.40219.1
Project("{FAE04EC0-301F-11D3-BF4B-00C04F79EFBC}") = "LuzApp.Common", "LuzApp.Common\LuzApp.Common.csproj", "{CFF03ECC-4040-408D-AC2D-382C90402EAE}"
EndProject
Project("{FAE04EC0-301F-11D3-BF4B-00C04F79EFBC}") = "LuzApp.Prism", "LuzApp.Prism\LuzApp.Prism\LuzApp.Prism.csproj", "{83B3FE9C-62A2-47C7-BDF7-B24138BBF475}"
EndProject
Project("{FAE04EC0-301F-11D3-BF4B-00C04F79EFBC}") = "LuzApp.Prism.Android", "LuzApp.Prism\LuzApp.Prism.Android\LuzApp.Prism.Android.csproj", "{F28E7BD3-BB17-4C58-8D02-BB4F2144C370}"
EndProject
Project("{FAE04EC0-301F-11D3-BF4B-00C04F79EFBC}") = "LuzApp.Web", "LuzApp.Web\LuzApp.Web.csproj", "{11FE2ED6-76D2-4058-8CBD-24F5279C79F4}"
EndProject
Global
	GlobalSection(SolutionConfigurationPlatforms) = preSolution
		Debug|Any CPU = Debug|Any CPU
		Release|Any CPU = Release|Any CPU
	EndGlobalSection
	GlobalSection(ProjectConfigurationPlatforms) = postSolution
		{CFF03ECC-4040-408D-AC2D-382C90402EAE}.Debug|Any CPU.ActiveCfg = Debug|Any CPU
		{CFF03ECC-4040-408D-AC2D-382C90402EAE}.Debug|Any CPU.Build.0 = Debug|Any CPU
		{CFF03ECC-4040-408D-AC2D-382C90402EAE}.Release|Any CPU.ActiveCfg = Release|Any CPU
		{CFF03ECC-4040-408D-AC2D-382C90402EAE}.Release|Any CPU.Build.0 = Release|Any CPU
		{83B3FE9C-62A2-47C7-BDF7-B24138BBF475}.Debug|Any CPU.ActiveCfg = Debug|Any CPU
		{83B3FE9C-62A2-47C7-BDF7-B24138BBF475}.Debug|Any CPU.Build.0 = Debug|Any CPU
		{83B3FE9C-62A2-47C7-BDF7-B24138BBF475}.Release|Any CPU.ActiveCfg = Release|Any CPU
		{83B3FE9C-62A2-47C7-BDF7-B24138BBF475}.Release|Any CPU.Build.0 = Release|Any CPU
		{F28E7BD3-BB17-4C58-8D02-BB4F2144C370}.Debug|Any CPU.ActiveCfg = Debug|Any CPU
		{F28E7BD3-BB17-4C58-8D02-BB4F2144C370}.Debug|Any CPU.Build.0 = Debug|Any CPU
		{F28E7BD3-BB17-4C58-8D02-BB4F2144C370}.Debug|Any CPU.Deploy.0 = Debug|Any CPU
		{F28E7BD3-BB17-4C58-8D02-BB4F2144C370}.Release|Any CPU.ActiveCfg = Release|Any CPU
		{F28E7BD3-BB17-4C58-8D02-BB4F2144C370}.Release|Any CPU.Build.0 = Release|Any CPU
		{F28E7BD3-BB17-4C58-8D02-BB4F2144C370}.Release|Any CPU.Deploy.0 = Release|Any CPU
		{11FE2ED6-76D2-4058-8CBD-24F5279C79F4}.Debug|Any CPU.ActiveCfg = Debug|Any CPU
		{11FE2ED6-76D2-4058-8CBD-24F5279C79F4}.Debug|Any CPU.Build.0 = Debug|Any CPU
		{11FE2ED6-76D2-4058-8CBD-24F5279C79F4}.Release|Any CPU.ActiveCfg = Release|Any CPU
		{11FE2ED6-76D2-4058-8CBD-24F5279C79F4}.Release|Any CPU.Build.0 = Release|Any CPU
	EndGlobalSection
	GlobalSection(SolutionProperties) = preSolution
		HideSolutionNode = FALSE
	EndGlobalSection
	GlobalSection(ExtensibilityGlobals) = postSolution
		SolutionGuid = {AB153DDC-7A09-45B9-ADCE-54C10E3495B4}
	EndGlobalSection
EndGlobal
